
Microsoft Visual Studio Solution File, Format Version 12.00
# Visual Studio Version 16
VisualStudioVersion = 16.0.33529.622
MinimumVisualStudioVersion = 10.0.40219.1
Project("{FAE04EC0-301F-11D3-BF4B-00C04F79EFBC}") = "2124802010277_LeTuanKiet_CuoiKy", "2124802010277_LeTuanKiet_CuoiKy\2124802010277_LeTuanKiet_CuoiKy.csproj", "{4026B821-97A6-4E31-A3ED-3849DD917D0B}"
EndProject
Global
	GlobalSection(SolutionConfigurationPlatforms) = preSolution
		Debug|Any CPU = Debug|Any CPU
		Release|Any CPU = Release|Any CPU
	EndGlobalSection
	GlobalSection(ProjectConfigurationPlatforms) = postSolution
		{4026B821-97A6-4E31-A3ED-3849DD917D0B}.Debug|Any CPU.ActiveCfg = Debug|Any CPU
		{4026B821-97A6-4E31-A3ED-3849DD917D0B}.Debug|Any CPU.Build.0 = Debug|Any CPU
		{4026B821-97A6-4E31-A3ED-3849DD917D0B}.Release|Any CPU.ActiveCfg = Release|Any CPU
		{4026B821-97A6-4E31-A3ED-3849DD917D0B}.Release|Any CPU.Build.0 = Release|Any CPU
	EndGlobalSection
	GlobalSection(SolutionProperties) = preSolution
		HideSolutionNode = FALSE
	EndGlobalSection
	GlobalSection(ExtensibilityGlobals) = postSolution
		SolutionGuid = {D8F24EF1-0808-416F-BB85-4FC1169371C1}
	EndGlobalSection
EndGlobal
